
Microsoft Visual Studio Solution File, Format Version 12.00
# Visual Studio Version 16
VisualStudioVersion = 16.0.31112.23
MinimumVisualStudioVersion = 10.0.40219.1
Project("{FAE04EC0-301F-11D3-BF4B-00C04F79EFBC}") = "BizUApp.UWP", "BizUApp\BizUApp.UWP\BizUApp.UWP.csproj", "{8C65AA3F-7CC8-48A3-AAE8-4E51E77FC576}"
EndProject
Project("{FAE04EC0-301F-11D3-BF4B-00C04F79EFBC}") = "BizUApp.Android", "BizUApp\BizUApp.Android\BizUApp.Android.csproj", "{ECE158FD-B869-4EE8-89C7-2DC548637C2F}"
EndProject
Project("{FAE04EC0-301F-11D3-BF4B-00C04F79EFBC}") = "BizUApp.iOS", "BizUApp\BizUApp.iOS\BizUApp.iOS.csproj", "{35A8499A-95D9-4C8D-9844-48A5989D7B9A}"
EndProject
Project("{FAE04EC0-301F-11D3-BF4B-00C04F79EFBC}") = "BizUApp", "BizUApp\BizUApp\BizUApp.csproj", "{2BA792F5-9286-43E0-8324-5614B9B5E050}"
EndProject
Global
	GlobalSection(SolutionConfigurationPlatforms) = preSolution
		Debug|Any CPU = Debug|Any CPU
		Debug|ARM = Debug|ARM
		Debug|iPhone = Debug|iPhone
		Debug|iPhoneSimulator = Debug|iPhoneSimulator
		Debug|x64 = Debug|x64
		Debug|x86 = Debug|x86
		Release|Any CPU = Release|Any CPU
		Release|ARM = Release|ARM
		Release|iPhone = Release|iPhone
		Release|iPhoneSimulator = Release|iPhoneSimulator
		Release|x64 = Release|x64
		Release|x86 = Release|x86
	EndGlobalSection
	GlobalSection(ProjectConfigurationPlatforms) = postSolution
		{8C65AA3F-7CC8-48A3-AAE8-4E51E77FC576}.Debug|Any CPU.ActiveCfg = Debug|x86
		{8C65AA3F-7CC8-48A3-AAE8-4E51E77FC576}.Debug|Any CPU.Build.0 = Debug|x86
		{8C65AA3F-7CC8-48A3-AAE8-4E51E77FC576}.Debug|Any CPU.Deploy.0 = Debug|x86
		{8C65AA3F-7CC8-48A3-AAE8-4E51E77FC576}.Debug|ARM.ActiveCfg = Debug|ARM
		{8C65AA3F-7CC8-48A3-AAE8-4E51E77FC576}.Debug|ARM.Build.0 = Debug|ARM
		{8C65AA3F-7CC8-48A3-AAE8-4E51E77FC576}.Debug|ARM.Deploy.0 = Debug|ARM
		{8C65AA3F-7CC8-48A3-AAE8-4E51E77FC576}.Debug|iPhone.ActiveCfg = Debug|x86
		{8C65AA3F-7CC8-48A3-AAE8-4E51E77FC576}.Debug|iPhone.Build.0 = Debug|x86
		{8C65AA3F-7CC8-48A3-AAE8-4E51E77FC576}.Debug|iPhone.Deploy.0 = Debug|x86
		{8C65AA3F-7CC8-48A3-AAE8-4E51E77FC576}.Debug|iPhoneSimulator.ActiveCfg = Debug|x86
		{8C65AA3F-7CC8-48A3-AAE8-4E51E77FC576}.Debug|iPhoneSimulator.Build.0 = Debug|x86
		{8C65AA3F-7CC8-48A3-AAE8-4E51E77FC576}.Debug|iPhoneSimulator.Deploy.0 = Debug|x86
		{8C65AA3F-7CC8-48A3-AAE8-4E51E77FC576}.Debug|x64.ActiveCfg = Debug|x64
		{8C65AA3F-7CC8-48A3-AAE8-4E51E77FC576}.Debug|x64.Build.0 = Debug|x64
		{8C65AA3F-7CC8-48A3-AAE8-4E51E77FC576}.Debug|x64.Deploy.0 = Debug|x64
		{8C65AA3F-7CC8-48A3-AAE8-4E51E77FC576}.Debug|x86.ActiveCfg = Debug|x86
		{8C65AA3F-7CC8-48A3-AAE8-4E51E77FC576}.Debug|x86.Build.0 = Debug|x86
		{8C65AA3F-7CC8-48A3-AAE8-4E51E77FC576}.Debug|x86.Deploy.0 = Debug|x86
		{8C65AA3F-7CC8-48A3-AAE8-4E51E77FC576}.Release|Any CPU.ActiveCfg = Release|x86
		{8C65AA3F-7CC8-48A3-AAE8-4E51E77FC576}.Release|Any CPU.Build.0 = Release|x86
		{8C65AA3F-7CC8-48A3-AAE8-4E51E77FC576}.Release|Any CPU.Deploy.0 = Release|x86
		{8C65AA3F-7CC8-48A3-AAE8-4E51E77FC576}.Release|ARM.ActiveCfg = Release|ARM
		{8C65AA3F-7CC8-48A3-AAE8-4E51E77FC576}.Release|ARM.Build.0 = Release|ARM
		{8C65AA3F-7CC8-48A3-AAE8-4E51E77FC576}.Release|ARM.Deploy.0 = Release|ARM
		{8C65AA3F-7CC8-48A3-AAE8-4E51E77FC576}.Release|iPhone.ActiveCfg = Release|x86
		{8C65AA3F-7CC8-48A3-AAE8-4E51E77FC576}.Release|iPhone.Build.0 = Release|x86
		{8C65AA3F-7CC8-48A3-AAE8-4E51E77FC576}.Release|iPhone.Deploy.0 = Release|x86
		{8C65AA3F-7CC8-48A3-AAE8-4E51E77FC576}.Release|iPhoneSimulator.ActiveCfg = Release|x86
		{8C65AA3F-7CC8-48A3-AAE8-4E51E77FC576}.Release|iPhoneSimulator.Build.0 = Release|x86
		{8C65AA3F-7CC8-48A3-AAE8-4E51E77FC576}.Release|iPhoneSimulator.Deploy.0 = Release|x86
		{8C65AA3F-7CC8-48A3-AAE8-4E51E77FC576}.Release|x64.ActiveCfg = Release|x64
		{8C65AA3F-7CC8-48A3-AAE8-4E51E77FC576}.Release|x64.Build.0 = Release|x64
		{8C65AA3F-7CC8-48A3-AAE8-4E51E77FC576}.Release|x64.Deploy.0 = Release|x64
		{8C65AA3F-7CC8-48A3-AAE8-4E51E77FC576}.Release|x86.ActiveCfg = Release|x86
		{8C65AA3F-7CC8-48A3-AAE8-4E51E77FC576}.Release|x86.Build.0 = Release|x86
		{8C65AA3F-7CC8-48A3-AAE8-4E51E77FC576}.Release|x86.Deploy.0 = Release|x86
		{ECE158FD-B869-4EE8-89C7-2DC548637C2F}.Debug|Any CPU.ActiveCfg = Debug|Any CPU
		{ECE158FD-B869-4EE8-89C7-2DC548637C2F}.Debug|Any CPU.Build.0 = Debug|Any CPU
		{ECE158FD-B869-4EE8-89C7-2DC548637C2F}.Debug|Any CPU.Deploy.0 = Debug|Any CPU
		{ECE158FD-B869-4EE8-89C7-2DC548637C2F}.Debug|ARM.ActiveCfg = Debug|Any CPU
		{ECE158FD-B869-4EE8-89C7-2DC548637C2F}.Debug|ARM.Build.0 = Debug|Any CPU
		{ECE158FD-B869-4EE8-89C7-2DC548637C2F}.Debug|ARM.Deploy.0 = Debug|Any CPU
		{ECE158FD-B869-4EE8-89C7-2DC548637C2F}.Debug|iPhone.ActiveCfg = Debug|Any CPU
		{ECE158FD-B869-4EE8-89C7-2DC548637C2F}.Debug|iPhone.Build.0 = Debug|Any CPU
		{ECE158FD-B869-4EE8-89C7-2DC548637C2F}.Debug|iPhone.Deploy.0 = Debug|Any CPU
		{ECE158FD-B869-4EE8-89C7-2DC548637C2F}.Debug|iPhoneSimulator.ActiveCfg = Debug|Any CPU
		{ECE158FD-B869-4EE8-89C7-2DC548637C2F}.Debug|iPhoneSimulator.Build.0 = Debug|Any CPU
		{ECE158FD-B869-4EE8-89C7-2DC548637C2F}.Debug|iPhoneSimulator.Deploy.0 = Debug|Any CPU
		{ECE158FD-B869-4EE8-89C7-2DC548637C2F}.Debug|x64.ActiveCfg = Debug|Any CPU
		{ECE158FD-B869-4EE8-89C7-2DC548637C2F}.Debug|x64.Build.0 = Debug|Any CPU
		{ECE158FD-B869-4EE8-89C7-2DC548637C2F}.Debug|x64.Deploy.0 = Debug|Any CPU
		{ECE158FD-B869-4EE8-89C7-2DC548637C2F}.Debug|x86.ActiveCfg = Debug|Any CPU
		{ECE158FD-B869-4EE8-89C7-2DC548637C2F}.Debug|x86.Build.0 = Debug|Any CPU
		{ECE158FD-B869-4EE8-89C7-2DC548637C2F}.Debug|x86.Deploy.0 = Debug|Any CPU
		{ECE158FD-B869-4EE8-89C7-2DC548637C2F}.Release|Any CPU.ActiveCfg = Release|Any CPU
		{ECE158FD-B869-4EE8-89C7-2DC548637C2F}.Release|Any CPU.Build.0 = Release|Any CPU
		{ECE158FD-B869-4EE8-89C7-2DC548637C2F}.Release|Any CPU.Deploy.0 = Release|Any CPU
		{ECE158FD-B869-4EE8-89C7-2DC548637C2F}.Release|ARM.ActiveCfg = Release|Any CPU
		{ECE158FD-B869-4EE8-89C7-2DC548637C2F}.Release|ARM.Build.0 = Release|Any CPU
		{ECE158FD-B869-4EE8-89C7-2DC548637C2F}.Release|ARM.Deploy.0 = Release|Any CPU
		{ECE158FD-B869-4EE8-89C7-2DC548637C2F}.Release|iPhone.ActiveCfg = Release|Any CPU
		{ECE158FD-B869-4EE8-89C7-2DC548637C2F}.Release|iPhone.Build.0 = Release|Any CPU
		{ECE158FD-B869-4EE8-89C7-2DC548637C2F}.Release|iPhone.Deploy.0 = Release|Any CPU
		{ECE158FD-B869-4EE8-89C7-2DC548637C2F}.Release|iPhoneSimulator.ActiveCfg = Release|Any CPU
		{ECE158FD-B869-4EE8-89C7-2DC548637C2F}.Release|iPhoneSimulator.Build.0 = Release|Any CPU
		{ECE158FD-B869-4EE8-89C7-2DC548637C2F}.Release|iPhoneSimulator.Deploy.0 = Release|Any CPU
		{ECE158FD-B869-4EE8-89C7-2DC548637C2F}.Release|x64.ActiveCfg = Release|Any CPU
		{ECE158FD-B869-4EE8-89C7-2DC548637C2F}.Release|x64.Build.0 = Release|Any CPU
		{ECE158FD-B869-4EE8-89C7-2DC548637C2F}.Release|x64.Deploy.0 = Release|Any CPU
		{ECE158FD-B869-4EE8-89C7-2DC548637C2F}.Release|x86.ActiveCfg = Release|Any CPU
		{ECE158FD-B869-4EE8-89C7-2DC548637C2F}.Release|x86.Build.0 = Release|Any CPU
		{ECE158FD-B869-4EE8-89C7-2DC548637C2F}.Release|x86.Deploy.0 = Release|Any CPU
		{35A8499A-95D9-4C8D-9844-48A5989D7B9A}.Debug|Any CPU.ActiveCfg = Debug|iPhoneSimulator
		{35A8499A-95D9-4C8D-9844-48A5989D7B9A}.Debug|Any CPU.Build.0 = Debug|iPhoneSimulator
		{35A8499A-95D9-4C8D-9844-48A5989D7B9A}.Debug|Any CPU.Deploy.0 = Debug|iPhoneSimulator
		{35A8499A-95D9-4C8D-9844-48A5989D7B9A}.Debug|ARM.ActiveCfg = Debug|iPhone
		{35A8499A-95D9-4C8D-9844-48A5989D7B9A}.Debug|ARM.Build.0 = Debug|iPhone
		{35A8499A-95D9-4C8D-9844-48A5989D7B9A}.Debug|ARM.Deploy.0 = Debug|iPhone
		{35A8499A-95D9-4C8D-9844-48A5989D7B9A}.Debug|iPhone.ActiveCfg = Debug|iPhone
		{35A8499A-95D9-4C8D-9844-48A5989D7B9A}.Debug|iPhone.Build.0 = Debug|iPhone
		{35A8499A-95D9-4C8D-9844-48A5989D7B9A}.Debug|iPhone.Deploy.0 = Debug|iPhone
		{35A8499A-95D9-4C8D-9844-48A5989D7B9A}.Debug|iPhoneSimulator.ActiveCfg = Debug|iPhoneSimulator
		{35A8499A-95D9-4C8D-9844-48A5989D7B9A}.Debug|iPhoneSimulator.Build.0 = Debug|iPhoneSimulator
		{35A8499A-95D9-4C8D-9844-48A5989D7B9A}.Debug|iPhoneSimulator.Deploy.0 = Debug|iPhoneSimulator
		{35A8499A-95D9-4C8D-9844-48A5989D7B9A}.Debug|x64.ActiveCfg = Debug|iPhoneSimulator
		{35A8499A-95D9-4C8D-9844-48A5989D7B9A}.Debug|x64.Build.0 = Debug|iPhoneSimulator
		{35A8499A-95D9-4C8D-9844-48A5989D7B9A}.Debug|x64.Deploy.0 = Debug|iPhoneSimulator
		{35A8499A-95D9-4C8D-9844-48A5989D7B9A}.Debug|x86.ActiveCfg = Debug|iPhoneSimulator
		{35A8499A-95D9-4C8D-9844-48A5989D7B9A}.Debug|x86.Build.0 = Debug|iPhoneSimulator
		{35A8499A-95D9-4C8D-9844-48A5989D7B9A}.Debug|x86.Deploy.0 = Debug|iPhoneSimulator
		{35A8499A-95D9-4C8D-9844-48A5989D7B9A}.Release|Any CPU.ActiveCfg = Release|iPhoneSimulator
		{35A8499A-95D9-4C8D-9844-48A5989D7B9A}.Release|Any CPU.Build.0 = Release|iPhoneSimulator
		{35A8499A-95D9-4C8D-9844-48A5989D7B9A}.Release|Any CPU.Deploy.0 = Release|iPhoneSimulator
		{35A8499A-95D9-4C8D-9844-48A5989D7B9A}.Release|ARM.ActiveCfg = Release|iPhoneSimulator
		{35A8499A-95D9-4C8D-9844-48A5989D7B9A}.Release|ARM.Build.0 = Release|iPhoneSimulator
		{35A8499A-95D9-4C8D-9844-48A5989D7B9A}.Release|ARM.Deploy.0 = Release|iPhoneSimulator
		{35A8499A-95D9-4C8D-9844-48A5989D7B9A}.Release|iPhone.ActiveCfg = Release|iPhone
		{35A8499A-95D9-4C8D-9844-48A5989D7B9A}.Release|iPhone.Build.0 = Release|iPhone
		{35A8499A-95D9-4C8D-9844-48A5989D7B9A}.Release|iPhone.Deploy.0 = Release|iPhone
		{35A8499A-95D9-4C8D-9844-48A5989D7B9A}.Release|iPhoneSimulator.ActiveCfg = Release|iPhoneSimulator
		{35A8499A-95D9-4C8D-9844-48A5989D7B9A}.Release|iPhoneSimulator.Build.0 = Release|iPhoneSimulator
		{35A8499A-95D9-4C8D-9844-48A5989D7B9A}.Release|iPhoneSimulator.Deploy.0 = Release|iPhoneSimulator
		{35A8499A-95D9-4C8D-9844-48A5989D7B9A}.Release|x64.ActiveCfg = Release|iPhoneSimulator
		{35A8499A-95D9-4C8D-9844-48A5989D7B9A}.Release|x64.Build.0 = Release|iPhoneSimulator
		{35A8499A-95D9-4C8D-9844-48A5989D7B9A}.Release|x64.Deploy.0 = Release|iPhoneSimulator
		{35A8499A-95D9-4C8D-9844-48A5989D7B9A}.Release|x86.ActiveCfg = Release|iPhoneSimulator
		{35A8499A-95D9-4C8D-9844-48A5989D7B9A}.Release|x86.Build.0 = Release|iPhoneSimulator
		{35A8499A-95D9-4C8D-9844-48A5989D7B9A}.Release|x86.Deploy.0 = Release|iPhoneSimulator
		{2BA792F5-9286-43E0-8324-5614B9B5E050}.Debug|Any CPU.ActiveCfg = Debug|Any CPU
		{2BA792F5-9286-43E0-8324-5614B9B5E050}.Debug|Any CPU.Build.0 = Debug|Any CPU
		{2BA792F5-9286-43E0-8324-5614B9B5E050}.Debug|Any CPU.Deploy.0 = Debug|Any CPU
		{2BA792F5-9286-43E0-8324-5614B9B5E050}.Debug|ARM.ActiveCfg = Debug|Any CPU
		{2BA792F5-9286-43E0-8324-5614B9B5E050}.Debug|ARM.Build.0 = Debug|Any CPU
		{2BA792F5-9286-43E0-8324-5614B9B5E050}.Debug|ARM.Deploy.0 = Debug|Any CPU
		{2BA792F5-9286-43E0-8324-5614B9B5E050}.Debug|iPhone.ActiveCfg = Debug|Any CPU
		{2BA792F5-9286-43E0-8324-5614B9B5E050}.Debug|iPhone.Build.0 = Debug|Any CPU
		{2BA792F5-9286-43E0-8324-5614B9B5E050}.Debug|iPhone.Deploy.0 = Debug|Any CPU
		{2BA792F5-9286-43E0-8324-5614B9B5E050}.Debug|iPhoneSimulator.ActiveCfg = Debug|Any CPU
		{2BA792F5-9286-43E0-8324-5614B9B5E050}.Debug|iPhoneSimulator.Build.0 = Debug|Any CPU
		{2BA792F5-9286-43E0-8324-5614B9B5E050}.Debug|iPhoneSimulator.Deploy.0 = Debug|Any CPU
		{2BA792F5-9286-43E0-8324-5614B9B5E050}.Debug|x64.ActiveCfg = Debug|Any CPU
		{2BA792F5-9286-43E0-8324-5614B9B5E050}.Debug|x64.Build.0 = Debug|Any CPU
		{2BA792F5-9286-43E0-8324-5614B9B5E050}.Debug|x64.Deploy.0 = Debug|Any CPU
		{2BA792F5-9286-43E0-8324-5614B9B5E050}.Debug|x86.ActiveCfg = Debug|Any CPU
		{2BA792F5-9286-43E0-8324-5614B9B5E050}.Debug|x86.Build.0 = Debug|Any CPU
		{2BA792F5-9286-43E0-8324-5614B9B5E050}.Debug|x86.Deploy.0 = Debug|Any CPU
		{2BA792F5-9286-43E0-8324-5614B9B5E050}.Release|Any CPU.ActiveCfg = Release|Any CPU
		{2BA792F5-9286-43E0-8324-5614B9B5E050}.Release|Any CPU.Build.0 = Release|Any CPU
		{2BA792F5-9286-43E0-8324-5614B9B5E050}.Release|Any CPU.Deploy.0 = Release|Any CPU
		{2BA792F5-9286-43E0-8324-5614B9B5E050}.Release|ARM.ActiveCfg = Release|Any CPU
		{2BA792F5-9286-43E0-8324-5614B9B5E050}.Release|ARM.Build.0 = Release|Any CPU
		{2BA792F5-9286-43E0-8324-5614B9B5E050}.Release|ARM.Deploy.0 = Release|Any CPU
		{2BA792F5-9286-43E0-8324-5614B9B5E050}.Release|iPhone.ActiveCfg = Release|Any CPU
		{2BA792F5-9286-43E0-8324-5614B9B5E050}.Release|iPhone.Build.0 = Release|Any CPU
		{2BA792F5-9286-43E0-8324-5614B9B5E050}.Release|iPhone.Deploy.0 = Release|Any CPU
		{2BA792F5-9286-43E0-8324-5614B9B5E050}.Release|iPhoneSimulator.ActiveCfg = Release|Any CPU
		{2BA792F5-9286-43E0-8324-5614B9B5E050}.Release|iPhoneSimulator.Build.0 = Release|Any CPU
		{2BA792F5-9286-43E0-8324-5614B9B5E050}.Release|iPhoneSimulator.Deploy.0 = Release|Any CPU
		{2BA792F5-9286-43E0-8324-5614B9B5E050}.Release|x64.ActiveCfg = Release|Any CPU
		{2BA792F5-9286-43E0-8324-5614B9B5E050}.Release|x64.Build.0 = Release|Any CPU
		{2BA792F5-9286-43E0-8324-5614B9B5E050}.Release|x64.Deploy.0 = Release|Any CPU
		{2BA792F5-9286-43E0-8324-5614B9B5E050}.Release|x86.ActiveCfg = Release|Any CPU
		{2BA792F5-9286-43E0-8324-5614B9B5E050}.Release|x86.Build.0 = Release|Any CPU
		{2BA792F5-9286-43E0-8324-5614B9B5E050}.Release|x86.Deploy.0 = Release|Any CPU
	EndGlobalSection
	GlobalSection(SolutionProperties) = preSolution
		HideSolutionNode = FALSE
	EndGlobalSection
	GlobalSection(ExtensibilityGlobals) = postSolution
		SolutionGuid = {8E12EA87-B09C-48A5-80D5-72C398E32472}
	EndGlobalSection
EndGlobal
